{
  "requires": true,
  "lockfileVersion": 1,
  "dependencies": {
    "to-reverse-string": {
      "version": "1.0.1",
      "resolved": "https://registry.npmjs.org/to-reverse-string/-/to-reverse-string-1.0.1.tgz",
      "integrity": "sha512-UXjDqz5QrbTxZbsRWqwk3PUXWFkThyaMMOLa554Pm6x022+QWH2dgmBAEsBO6bcysM8eZcmqn32QEyoFDuJZsA=="
    }
  }
}
